
Microsoft Visual Studio Solution File, Format Version 12.00
# Visual Studio Version 16
VisualStudioVersion = 16.0.31613.86
MinimumVisualStudioVersion = 10.0.40219.1
Project("{FAE04EC0-301F-11D3-BF4B-00C04F79EFBC}") = "TipCalculator", "TipCalculator\TipCalculator.csproj", "{7EE31146-094E-430B-AE87-6FF4819FC113}"
EndProject
Global
	GlobalSection(SolutionConfigurationPlatforms) = preSolution
		Debug|Any CPU = Debug|Any CPU
		Release|Any CPU = Release|Any CPU
	EndGlobalSection
	GlobalSection(ProjectConfigurationPlatforms) = postSolution
		{7EE31146-094E-430B-AE87-6FF4819FC113}.Debug|Any CPU.ActiveCfg = Debug|Any CPU
		{7EE31146-094E-430B-AE87-6FF4819FC113}.Debug|Any CPU.Build.0 = Debug|Any CPU
		{7EE31146-094E-430B-AE87-6FF4819FC113}.Release|Any CPU.ActiveCfg = Release|Any CPU
		{7EE31146-094E-430B-AE87-6FF4819FC113}.Release|Any CPU.Build.0 = Release|Any CPU
	EndGlobalSection
	GlobalSection(SolutionProperties) = preSolution
		HideSolutionNode = FALSE
	EndGlobalSection
	GlobalSection(ExtensibilityGlobals) = postSolution
		SolutionGuid = {BE49625E-EFEF-4561-B940-508DE7DA11C9}
	EndGlobalSection
EndGlobal
